# THIS IS AN AUTOGENERATED FILE. DO NOT EDIT THIS FILE DIRECTLY.
# yarn lockfile v1


react-dom@^19.0.0-beta-04b058868c-20240508:
  version "19.0.0-beta-04b058868c-20240508"
  resolved "https://registry.npmjs.org/react-dom/-/react-dom-19.0.0-beta-04b058868c-20240508.tgz"
  integrity sha512-g8DrqbkLi8ok/0GyVVJky30d5b+WXpIi4baKD+ySsMRzQJlwQHywGh/V+osSMCYmnApq1OYSWPuvOBvrVmhz5Q==
  dependencies:
    scheduler "0.25.0-beta-04b058868c-20240508"

react@^19.0.0-beta-04b058868c-20240508, react@19.0.0-beta-04b058868c-20240508:
  version "19.0.0-beta-04b058868c-20240508"
  resolved "https://registry.npmjs.org/react/-/react-19.0.0-beta-04b058868c-20240508.tgz"
  integrity sha512-Mch4EeDejk1ZgH/O3TIH6KtELBUzcJdTZujQGWFA6tz9Y9J+X7ZgY9WS2VhUCS/alOlEcIdCXAz0Cb/JET1QVg==

scheduler@0.25.0-beta-04b058868c-20240508:
  version "0.25.0-beta-04b058868c-20240508"
  resolved "https://registry.npmjs.org/scheduler/-/scheduler-0.25.0-beta-04b058868c-20240508.tgz"
  integrity sha512-9BiO+0jJiftEqYhVXGIc7MQTxbDAd7mfRMIctKsH0DxvuN8vzzaOQbG5Jy720Pz6KUAjgAAJJ/2nZW35+XwuHg==
